// !$*UTF8*$!
{
	archiveVersion = 1;
	classes = {
	};
	objectVersion = 46;
	objects = {

/* Begin PBXBuildFile section */
		E05895471CB4B682000F85D0 /* AppDelegate.swift in Sources */ = {isa = PBXBuildFile; fileRef = E05895461CB4B682000F85D0 /* AppDelegate.swift */; };
		E05895491CB4B692000F85D0 /* ViewController.swift in Sources */ = {isa = PBXBuildFile; fileRef = E05895481CB4B692000F85D0 /* ViewController.swift */; };
		E058954B1CB4B6A3000F85D0 /* ScrollingTextView.swift in Sources */ = {isa = PBXBuildFile; fileRef = E058954A1CB4B6A3000F85D0 /* ScrollingTextView.swift */; };
		E058954D1CB4B6B1000F85D0 /* Assets.xcassets in Resources */ = {isa = PBXBuildFile; fileRef = E058954C1CB4B6B1000F85D0 /* Assets.xcassets */; };
		E058954F1CB4B6B9000F85D0 /* Info.plist in Resources */ = {isa = PBXBuildFile; fileRef = E058954E1CB4B6B9000F85D0 /* Info.plist */; };
		E07BC7901CB4B71C000F8852 /* LaunchScreen.storyboard in Resources */ = {isa = PBXBuildFile; fileRef = E07BC78E1CB4B71C000F8852 /* LaunchScreen.storyboard */; };
		E07BC7931CB4B723000F8852 /* Main.storyboard in Resources */ = {isa = PBXBuildFile; fileRef = E07BC7911CB4B723000F8852 /* Main.storyboard */; };
		E07BC79C1CB4B876000F8852 /* GameControlsTests.swift in Sources */ = {isa = PBXBuildFile; fileRef = E07BC7981CB4B74F000F8852 /* GameControlsTests.swift */; };
		E07BC79D1CB4B87B000F8852 /* GameControlsUITests.swift in Sources */ = {isa = PBXBuildFile; fileRef = E07BC7941CB4B73E000F8852 /* GameControlsUITests.swift */; };
		E07BC79E1CB4B87F000F8852 /* Info.plist in Resources */ = {isa = PBXBuildFile; fileRef = E07BC7961CB4B741000F8852 /* Info.plist */; };
		E07BC7A01CB4B886000F8852 /* Info.plist in Resources */ = {isa = PBXBuildFile; fileRef = E07BC7991CB4B74F000F8852 /* Info.plist */; };
/* End PBXBuildFile section */

/* Begin PBXContainerItemProxy section */
		E0D3DDA91C6573500049BF49 /* PBXContainerItemProxy */ = {
			isa = PBXContainerItemProxy;
			containerPortal = E0D3DD8C1C6573500049BF49 /* Project object */;
			proxyType = 1;
			remoteGlobalIDString = E0D3DD931C6573500049BF49;
			remoteInfo = SimTest;
		};
		E0D3DDB41C6573500049BF49 /* PBXContainerItemProxy */ = {
			isa = PBXContainerItemProxy;
			containerPortal = E0D3DD8C1C6573500049BF49 /* Project object */;
			proxyType = 1;
			remoteGlobalIDString = E0D3DD931C6573500049BF49;
			remoteInfo = SimTest;
		};
/* End PBXContainerItemProxy section */

/* Begin PBXFileReference section */
		E05895461CB4B682000F85D0 /* AppDelegate.swift */ = {isa = PBXFileReference; fileEncoding = 4; lastKnownFileType = sourcecode.swift; name = AppDelegate.swift; path = GameControls/AppDelegate.swift; sourceTree = SOURCE_ROOT; };
		E05895481CB4B692000F85D0 /* ViewController.swift */ = {isa = PBXFileReference; fileEncoding = 4; lastKnownFileType = sourcecode.swift; name = ViewController.swift; path = GameControls/ViewController.swift; sourceTree = SOURCE_ROOT; };
		E058954A1CB4B6A3000F85D0 /* ScrollingTextView.swift */ = {isa = PBXFileReference; fileEncoding = 4; lastKnownFileType = sourcecode.swift; name = ScrollingTextView.swift; path = GameControls/ScrollingTextView.swift; sourceTree = SOURCE_ROOT; };
		E058954C1CB4B6B1000F85D0 /* Assets.xcassets */ = {isa = PBXFileReference; lastKnownFileType = folder.assetcatalog; name = Assets.xcassets; path = GameControls/Assets.xcassets; sourceTree = SOURCE_ROOT; };
		E058954E1CB4B6B9000F85D0 /* Info.plist */ = {isa = PBXFileReference; fileEncoding = 4; lastKnownFileType = text.plist.xml; name = Info.plist; path = GameControls/Info.plist; sourceTree = SOURCE_ROOT; };
		E07BC78F1CB4B71C000F8852 /* Base */ = {isa = PBXFileReference; lastKnownFileType = file.storyboard; name = Base; path = GameControls/Base.lproj/LaunchScreen.storyboard; sourceTree = SOURCE_ROOT; };
		E07BC7921CB4B723000F8852 /* Base */ = {isa = PBXFileReference; lastKnownFileType = file.storyboard; name = Base; path = GameControls/Base.lproj/Main.storyboard; sourceTree = SOURCE_ROOT; };
		E07BC7941CB4B73E000F8852 /* GameControlsUITests.swift */ = {isa = PBXFileReference; fileEncoding = 4; lastKnownFileType = sourcecode.swift; name = GameControlsUITests.swift; path = GameControlsUITests/GameControlsUITests.swift; sourceTree = SOURCE_ROOT; };
		E07BC7961CB4B741000F8852 /* Info.plist */ = {isa = PBXFileReference; fileEncoding = 4; lastKnownFileType = text.plist.xml; name = Info.plist; path = GameControlsUITests/Info.plist; sourceTree = SOURCE_ROOT; };
		E07BC7981CB4B74F000F8852 /* GameControlsTests.swift */ = {isa = PBXFileReference; fileEncoding = 4; lastKnownFileType = sourcecode.swift; name = GameControlsTests.swift; path = GameControlsTests/GameControlsTests.swift; sourceTree = SOURCE_ROOT; };
		E07BC7991CB4B74F000F8852 /* Info.plist */ = {isa = PBXFileReference; fileEncoding = 4; lastKnownFileType = text.plist.xml; name = Info.plist; path = GameControlsTests/Info.plist; sourceTree = SOURCE_ROOT; };
		E0D3DD941C6573500049BF49 /* GameControls.app */ = {isa = PBXFileReference; explicitFileType = wrapper.application; includeInIndex = 0; path = GameControls.app; sourceTree = BUILT_PRODUCTS_DIR; };
		E0D3DDA81C6573500049BF49 /* GameControls.xctest */ = {isa = PBXFileReference; explicitFileType = wrapper.cfbundle; includeInIndex = 0; path = GameControls.xctest; sourceTree = BUILT_PRODUCTS_DIR; };
		E0D3DDB31C6573500049BF49 /* GameControls.xctest */ = {isa = PBXFileReference; explicitFileType = wrapper.cfbundle; includeInIndex = 0; path = GameControls.xctest; sourceTree = BUILT_PRODUCTS_DIR; };
/* End PBXFileReference section */

/* Begin PBXFrameworksBuildPhase section */
		E0D3DD911C6573500049BF49 /* Frameworks */ = {
			isa = PBXFrameworksBuildPhase;
			buildActionMask = 2147483647;
			files = (
			);
			runOnlyForDeploymentPostprocessing = 0;
		};
		E0D3DDA51C6573500049BF49 /* Frameworks */ = {
			isa = PBXFrameworksBuildPhase;
			buildActionMask = 2147483647;
			files = (
			);
			runOnlyForDeploymentPostprocessing = 0;
		};
		E0D3DDB01C6573500049BF49 /* Frameworks */ = {
			isa = PBXFrameworksBuildPhase;
			buildActionMask = 2147483647;
			files = (
			);
			runOnlyForDeploymentPostprocessing = 0;
		};
/* End PBXFrameworksBuildPhase section */

/* Begin PBXGroup section */
		E02579991C67E1830076B3DA /* Interface */ = {
			isa = PBXGroup;
			children = (
				E058954A1CB4B6A3000F85D0 /* ScrollingTextView.swift */,
			);
			name = Interface;
			sourceTree = "<group>";
		};
		E0D3DD8B1C6573500049BF49 = {
			isa = PBXGroup;
			children = (
				E0D3DD961C6573500049BF49 /* GameControls */,
				E0D3DDAB1C6573500049BF49 /* GameControlsTests */,
				E0D3DDB61C6573500049BF49 /* GameControlsUITests */,
				E0D3DD951C6573500049BF49 /* Products */,
			);
			sourceTree = "<group>";
		};
		E0D3DD951C6573500049BF49 /* Products */ = {
			isa = PBXGroup;
			children = (
				E0D3DD941C6573500049BF49 /* GameControls.app */,
				E0D3DDA81C6573500049BF49 /* GameControls.xctest */,
				E0D3DDB31C6573500049BF49 /* GameControls.xctest */,
			);
			name = Products;
			sourceTree = "<group>";
		};
		E0D3DD961C6573500049BF49 /* GameControls */ = {
			isa = PBXGroup;
			children = (
				E05895461CB4B682000F85D0 /* AppDelegate.swift */,
				E05895481CB4B692000F85D0 /* ViewController.swift */,
				E02579991C67E1830076B3DA /* Interface */,
				E058954C1CB4B6B1000F85D0 /* Assets.xcassets */,
				E07BC7911CB4B723000F8852 /* Main.storyboard */,
				E07BC78E1CB4B71C000F8852 /* LaunchScreen.storyboard */,
				E058954E1CB4B6B9000F85D0 /* Info.plist */,
			);
			name = GameControls;
			path = SimTest;
			sourceTree = "<group>";
		};
		E0D3DDAB1C6573500049BF49 /* GameControlsTests */ = {
			isa = PBXGroup;
			children = (
				E07BC7981CB4B74F000F8852 /* GameControlsTests.swift */,
				E07BC7991CB4B74F000F8852 /* Info.plist */,
			);
			name = GameControlsTests;
			path = SimTestTests;
			sourceTree = "<group>";
		};
		E0D3DDB61C6573500049BF49 /* GameControlsUITests */ = {
			isa = PBXGroup;
			children = (
				E07BC7941CB4B73E000F8852 /* GameControlsUITests.swift */,
				E07BC7961CB4B741000F8852 /* Info.plist */,
			);
			name = GameControlsUITests;
			path = SimTestUITests;
			sourceTree = "<group>";
		};
/* End PBXGroup section */

/* Begin PBXNativeTarget section */
		E0D3DD931C6573500049BF49 /* GameControls */ = {
			isa = PBXNativeTarget;
			buildConfigurationList = E0D3DDBC1C6573500049BF49 /* Build configuration list for PBXNativeTarget "GameControls" */;
			buildPhases = (
				E0D3DD901C6573500049BF49 /* Sources */,
				E0D3DD911C6573500049BF49 /* Frameworks */,
				E0D3DD921C6573500049BF49 /* Resources */,
			);
			buildRules = (
			);
			dependencies = (
			);
			name = GameControls;
			productName = SimTest;
			productReference = E0D3DD941C6573500049BF49 /* GameControls.app */;
			productType = "com.apple.product-type.application";
		};
		E0D3DDA71C6573500049BF49 /* GameControlsTests */ = {
			isa = PBXNativeTarget;
			buildConfigurationList = E0D3DDBF1C6573500049BF49 /* Build configuration list for PBXNativeTarget "GameControlsTests" */;
			buildPhases = (
				E0D3DDA41C6573500049BF49 /* Sources */,
				E0D3DDA51C6573500049BF49 /* Frameworks */,
				E0D3DDA61C6573500049BF49 /* Resources */,
			);
			buildRules = (
			);
			dependencies = (
				E0D3DDAA1C6573500049BF49 /* PBXTargetDependency */,
			);
			name = GameControlsTests;
			productName = SimTestTests;
			productReference = E0D3DDA81C6573500049BF49 /* GameControls.xctest */;
			productType = "com.apple.product-type.bundle.unit-test";
		};
		E0D3DDB21C6573500049BF49 /* GameControlsUITests */ = {
			isa = PBXNativeTarget;
			buildConfigurationList = E0D3DDC21C6573500049BF49 /* Build configuration list for PBXNativeTarget "GameControlsUITests" */;
			buildPhases = (
				E0D3DDAF1C6573500049BF49 /* Sources */,
				E0D3DDB01C6573500049BF49 /* Frameworks */,
				E0D3DDB11C6573500049BF49 /* Resources */,
			);
			buildRules = (
			);
			dependencies = (
				E0D3DDB51C6573500049BF49 /* PBXTargetDependency */,
			);
			name = GameControlsUITests;
			productName = SimTestUITests;
			productReference = E0D3DDB31C6573500049BF49 /* GameControls.xctest */;
			productType = "com.apple.product-type.bundle.ui-testing";
		};
/* End PBXNativeTarget section */

/* Begin PBXProject section */
		E0D3DD8C1C6573500049BF49 /* Project object */ = {
			isa = PBXProject;
			attributes = {
				LastSwiftUpdateCheck = 0720;
				LastUpgradeCheck = 0720;
				ORGANIZATIONNAME = "Jason Wilkin";
				TargetAttributes = {
					E0D3DD931C6573500049BF49 = {
						CreatedOnToolsVersion = 7.2;
						DevelopmentTeam = 332EEVL6CJ;
					};
					E0D3DDA71C6573500049BF49 = {
						CreatedOnToolsVersion = 7.2;
						TestTargetID = E0D3DD931C6573500049BF49;
					};
					E0D3DDB21C6573500049BF49 = {
						CreatedOnToolsVersion = 7.2;
						TestTargetID = E0D3DD931C6573500049BF49;
					};
				};
			};
			buildConfigurationList = E0D3DD8F1C6573500049BF49 /* Build configuration list for PBXProject "GameControls" */;
			compatibilityVersion = "Xcode 3.2";
			developmentRegion = English;
			hasScannedForEncodings = 0;
			knownRegions = (
				en,
				Base,
			);
			mainGroup = E0D3DD8B1C6573500049BF49;
			productRefGroup = E0D3DD951C6573500049BF49 /* Products */;
			projectDirPath = "";
			projectRoot = "";
			targets = (
				E0D3DD931C6573500049BF49 /* GameControls */,
				E0D3DDA71C6573500049BF49 /* GameControlsTests */,
				E0D3DDB21C6573500049BF49 /* GameControlsUITests */,
			);
		};
/* End PBXProject section */

/* Begin PBXResourcesBuildPhase section */
		E0D3DD921C6573500049BF49 /* Resources */ = {
			isa = PBXResourcesBuildPhase;
			buildActionMask = 2147483647;
			files = (
				E058954F1CB4B6B9000F85D0 /* Info.plist in Resources */,
				E07BC7901CB4B71C000F8852 /* LaunchScreen.storyboard in Resources */,
				E058954D1CB4B6B1000F85D0 /* Assets.xcassets in Resources */,
				E07BC7931CB4B723000F8852 /* Main.storyboard in Resources */,
			);
			runOnlyForDeploymentPostprocessing = 0;
		};
		E0D3DDA61C6573500049BF49 /* Resources */ = {
			isa = PBXResourcesBuildPhase;
			buildActionMask = 2147483647;
			files = (
				E07BC7A01CB4B886000F8852 /* Info.plist in Resources */,
			);
			runOnlyForDeploymentPostprocessing = 0;
		};
		E0D3DDB11C6573500049BF49 /* Resources */ = {
			isa = PBXResourcesBuildPhase;
			buildActionMask = 2147483647;
			files = (
				E07BC79E1CB4B87F000F8852 /* Info.plist in Resources */,
			);
			runOnlyForDeploymentPostprocessing = 0;
		};
/* End PBXResourcesBuildPhase section */

/* Begin PBXSourcesBuildPhase section */
		E0D3DD901C6573500049BF49 /* Sources */ = {
			isa = PBXSourcesBuildPhase;
			buildActionMask = 2147483647;
			files = (
				E05895471CB4B682000F85D0 /* AppDelegate.swift in Sources */,
				E05895491CB4B692000F85D0 /* ViewController.swift in Sources */,
				E058954B1CB4B6A3000F85D0 /* ScrollingTextView.swift in Sources */,
			);
			runOnlyForDeploymentPostprocessing = 0;
		};
		E0D3DDA41C6573500049BF49 /* Sources */ = {
			isa = PBXSourcesBuildPhase;
			buildActionMask = 2147483647;
			files = (
				E07BC79C1CB4B876000F8852 /* GameControlsTests.swift in Sources */,
				E07BC79D1CB4B87B000F8852 /* GameControlsUITests.swift in Sources */,
			);
			runOnlyForDeploymentPostprocessing = 0;
		};
		E0D3DDAF1C6573500049BF49 /* Sources */ = {
			isa = PBXSourcesBuildPhase;
			buildActionMask = 2147483647;
			files = (
			);
			runOnlyForDeploymentPostprocessing = 0;
		};
/* End PBXSourcesBuildPhase section */

/* Begin PBXTargetDependency section */
		E0D3DDAA1C6573500049BF49 /* PBXTargetDependency */ = {
			isa = PBXTargetDependency;
			target = E0D3DD931C6573500049BF49 /* GameControls */;
			targetProxy = E0D3DDA91C6573500049BF49 /* PBXContainerItemProxy */;
		};
		E0D3DDB51C6573500049BF49 /* PBXTargetDependency */ = {
			isa = PBXTargetDependency;
			target = E0D3DD931C6573500049BF49 /* GameControls */;
			targetProxy = E0D3DDB41C6573500049BF49 /* PBXContainerItemProxy */;
		};
/* End PBXTargetDependency section */

/* Begin PBXVariantGroup section */
		E07BC78E1CB4B71C000F8852 /* LaunchScreen.storyboard */ = {
			isa = PBXVariantGroup;
			children = (
				E07BC78F1CB4B71C000F8852 /* Base */,
			);
			name = LaunchScreen.storyboard;
			sourceTree = "<group>";
		};
		E07BC7911CB4B723000F8852 /* Main.storyboard */ = {
			isa = PBXVariantGroup;
			children = (
				E07BC7921CB4B723000F8852 /* Base */,
			);
			name = Main.storyboard;
			sourceTree = "<group>";
		};
/* End PBXVariantGroup section */

/* Begin XCBuildConfiguration section */
		E0D3DDBA1C6573500049BF49 /* Debug */ = {
			isa = XCBuildConfiguration;
			buildSettings = {
				ALWAYS_SEARCH_USER_PATHS = NO;
				CLANG_CXX_LANGUAGE_STANDARD = "gnu++0x";
				CLANG_CXX_LIBRARY = "libc++";
				CLANG_ENABLE_MODULES = YES;
				CLANG_ENABLE_OBJC_ARC = YES;
				CLANG_WARN_BOOL_CONVERSION = YES;
				CLANG_WARN_CONSTANT_CONVERSION = YES;
				CLANG_WARN_DIRECT_OBJC_ISA_USAGE = YES_ERROR;
				CLANG_WARN_EMPTY_BODY = YES;
				CLANG_WARN_ENUM_CONVERSION = YES;
				CLANG_WARN_INT_CONVERSION = YES;
				CLANG_WARN_OBJC_ROOT_CLASS = YES_ERROR;
				CLANG_WARN_UNREACHABLE_CODE = YES;
				CLANG_WARN__DUPLICATE_METHOD_MATCH = YES;
				"CODE_SIGN_IDENTITY[sdk=iphoneos*]" = "iPhone Developer";
				COPY_PHASE_STRIP = NO;
				DEBUG_INFORMATION_FORMAT = dwarf;
				ENABLE_STRICT_OBJC_MSGSEND = YES;
				ENABLE_TESTABILITY = YES;
				GCC_C_LANGUAGE_STANDARD = gnu99;
				GCC_DYNAMIC_NO_PIC = NO;
				GCC_NO_COMMON_BLOCKS = YES;
				GCC_OPTIMIZATION_LEVEL = 0;
				GCC_PREPROCESSOR_DEFINITIONS = (
					"DEBUG=1",
					"$(inherited)",
				);
				GCC_WARN_64_TO_32_BIT_CONVERSION = YES;
				GCC_WARN_ABOUT_RETURN_TYPE = YES_ERROR;
				GCC_WARN_UNDECLARED_SELECTOR = YES;
				GCC_WARN_UNINITIALIZED_AUTOS = YES_AGGRESSIVE;
				GCC_WARN_UNUSED_FUNCTION = YES;
				GCC_WARN_UNUSED_VARIABLE = YES;
				IPHONEOS_DEPLOYMENT_TARGET = 9.2;
				MTL_ENABLE_DEBUG_INFO = YES;
				ONLY_ACTIVE_ARCH = YES;
				SDKROOT = iphoneos;
				SWIFT_OPTIMIZATION_LEVEL = "-Onone";
				TARGETED_DEVICE_FAMILY = "1,2";
			};
			name = Debug;
		};
		E0D3DDBB1C6573500049BF49 /* Release */ = {
			isa = XCBuildConfiguration;
			buildSettings = {
				ALWAYS_SEARCH_USER_PATHS = NO;
				CLANG_CXX_LANGUAGE_STANDARD = "gnu++0x";
				CLANG_CXX_LIBRARY = "libc++";
				CLANG_ENABLE_MODULES = YES;
				CLANG_ENABLE_OBJC_ARC = YES;
				CLANG_WARN_BOOL_CONVERSION = YES;
				CLANG_WARN_CONSTANT_CONVERSION = YES;
				CLANG_WARN_DIRECT_OBJC_ISA_USAGE = YES_ERROR;
				CLANG_WARN_EMPTY_BODY = YES;
				CLANG_WARN_ENUM_CONVERSION = YES;
				CLANG_WARN_INT_CONVERSION = YES;
				CLANG_WARN_OBJC_ROOT_CLASS = YES_ERROR;
				CLANG_WARN_UNREACHABLE_CODE = YES;
				CLANG_WARN__DUPLICATE_METHOD_MATCH = YES;
				"CODE_SIGN_IDENTITY[sdk=iphoneos*]" = "iPhone Developer";
				COPY_PHASE_STRIP = NO;
				DEBUG_INFORMATION_FORMAT = "dwarf-with-dsym";
				ENABLE_NS_ASSERTIONS = NO;
				ENABLE_STRICT_OBJC_MSGSEND = YES;
				GCC_C_LANGUAGE_STANDARD = gnu99;
				GCC_NO_COMMON_BLOCKS = YES;
				GCC_WARN_64_TO_32_BIT_CONVERSION = YES;
				GCC_WARN_ABOUT_RETURN_TYPE = YES_ERROR;
				GCC_WARN_UNDECLARED_SELECTOR = YES;
				GCC_WARN_UNINITIALIZED_AUTOS = YES_AGGRESSIVE;
				GCC_WARN_UNUSED_FUNCTION = YES;
				GCC_WARN_UNUSED_VARIABLE = YES;
				IPHONEOS_DEPLOYMENT_TARGET = 9.2;
				MTL_ENABLE_DEBUG_INFO = NO;
				SDKROOT = iphoneos;
				TARGETED_DEVICE_FAMILY = "1,2";
				VALIDATE_PRODUCT = YES;
			};
			name = Release;
		};
		E0D3DDBD1C6573500049BF49 /* Debug */ = {
			isa = XCBuildConfiguration;
			buildSettings = {
				ASSETCATALOG_COMPILER_APPICON_NAME = AppIcon;
				CODE_SIGN_IDENTITY = "iPhone Developer";
				"CODE_SIGN_IDENTITY[sdk=iphoneos*]" = "iPhone Developer";
				INFOPLIST_FILE = GameControls/Info.plist;
				LD_RUNPATH_SEARCH_PATHS = "$(inherited) @executable_path/Frameworks";
				PRODUCT_BUNDLE_IDENTIFIER = com.wilkin.GameControls;
				PRODUCT_NAME = GameControls;
				PROVISIONING_PROFILE = "";
			};
			name = Debug;
		};
		E0D3DDBE1C6573500049BF49 /* Release */ = {
			isa = XCBuildConfiguration;
			buildSettings = {
				ASSETCATALOG_COMPILER_APPICON_NAME = AppIcon;
				CODE_SIGN_IDENTITY = "iPhone Developer";
				"CODE_SIGN_IDENTITY[sdk=iphoneos*]" = "iPhone Developer";
				INFOPLIST_FILE = GameControls/Info.plist;
				LD_RUNPATH_SEARCH_PATHS = "$(inherited) @executable_path/Frameworks";
				PRODUCT_BUNDLE_IDENTIFIER = com.wilkin.GameControls;
				PRODUCT_NAME = GameControls;
				PROVISIONING_PROFILE = "";
			};
			name = Release;
		};
		E0D3DDC01C6573500049BF49 /* Debug */ = {
			isa = XCBuildConfiguration;
			buildSettings = {
				BUNDLE_LOADER = "$(TEST_HOST)";
				INFOPLIST_FILE = GameControlsTests/Info.plist;
				LD_RUNPATH_SEARCH_PATHS = "$(inherited) @executable_path/Frameworks @loader_path/Frameworks";
				PRODUCT_BUNDLE_IDENTIFIER = com.wilkin.GameControlsTests;
				PRODUCT_NAME = GameControls;
				TEST_HOST = "$(BUILT_PRODUCTS_DIR)/GameControls.app/GameControls";
			};
			name = Debug;
		};
		E0D3DDC11C6573500049BF49 /* Release */ = {
			isa = XCBuildConfiguration;
			buildSettings = {
				BUNDLE_LOADER = "$(TEST_HOST)";
				INFOPLIST_FILE = GameControlsTests/Info.plist;
				LD_RUNPATH_SEARCH_PATHS = "$(inherited) @executable_path/Frameworks @loader_path/Frameworks";
				PRODUCT_BUNDLE_IDENTIFIER = com.wilkin.GameControlsTests;
				PRODUCT_NAME = GameControls;
				TEST_HOST = "$(BUILT_PRODUCTS_DIR)/GameControls.app/GameControls";
			};
			name = Release;
		};
		E0D3DDC31C6573500049BF49 /* Debug */ = {
			isa = XCBuildConfiguration;
			buildSettings = {
				INFOPLIST_FILE = GameControlsUITests/Info.plist;
				LD_RUNPATH_SEARCH_PATHS = "$(inherited) @executable_path/Frameworks @loader_path/Frameworks";
				PRODUCT_BUNDLE_IDENTIFIER = com.wilkin.GameControlsUITests;
				PRODUCT_NAME = GameControls;
				TEST_TARGET_NAME = SimTest;
				USES_XCTRUNNER = YES;
			};
			name = Debug;
		};
		E0D3DDC41C6573500049BF49 /* Release */ = {
			isa = XCBuildConfiguration;
			buildSettings = {
				INFOPLIST_FILE = GameControlsUITests/Info.plist;
				LD_RUNPATH_SEARCH_PATHS = "$(inherited) @executable_path/Frameworks @loader_path/Frameworks";
				PRODUCT_BUNDLE_IDENTIFIER = com.wilkin.GameControlsUITests;
				PRODUCT_NAME = GameControls;
				TEST_TARGET_NAME = SimTest;
				USES_XCTRUNNER = YES;
			};
			name = Release;
		};
/* End XCBuildConfiguration section */

/* Begin XCConfigurationList section */
		E0D3DD8F1C6573500049BF49 /* Build configuration list for PBXProject "GameControls" */ = {
			isa = XCConfigurationList;
			buildConfigurations = (
				E0D3DDBA1C6573500049BF49 /* Debug */,
				E0D3DDBB1C6573500049BF49 /* Release */,
			);
			defaultConfigurationIsVisible = 0;
			defaultConfigurationName = Release;
		};
		E0D3DDBC1C6573500049BF49 /* Build configuration list for PBXNativeTarget "GameControls" */ = {
			isa = XCConfigurationList;
			buildConfigurations = (
				E0D3DDBD1C6573500049BF49 /* Debug */,
				E0D3DDBE1C6573500049BF49 /* Release */,
			);
			defaultConfigurationIsVisible = 0;
			defaultConfigurationName = Release;
		};
		E0D3DDBF1C6573500049BF49 /* Build configuration list for PBXNativeTarget "GameControlsTests" */ = {
			isa = XCConfigurationList;
			buildConfigurations = (
				E0D3DDC01C6573500049BF49 /* Debug */,
				E0D3DDC11C6573500049BF49 /* Release */,
			);
			defaultConfigurationIsVisible = 0;
			defaultConfigurationName = Release;
		};
		E0D3DDC21C6573500049BF49 /* Build configuration list for PBXNativeTarget "GameControlsUITests" */ = {
			isa = XCConfigurationList;
			buildConfigurations = (
				E0D3DDC31C6573500049BF49 /* Debug */,
				E0D3DDC41C6573500049BF49 /* Release */,
			);
			defaultConfigurationIsVisible = 0;
			defaultConfigurationName = Release;
		};
/* End XCConfigurationList section */
	};
	rootObject = E0D3DD8C1C6573500049BF49 /* Project object */;
}
